
Microsoft Visual Studio Solution File, Format Version 12.00
# Visual Studio Version 16
VisualStudioVersion = 16.0.30406.217
MinimumVisualStudioVersion = 10.0.40219.1
Project("{FAE04EC0-301F-11D3-BF4B-00C04F79EFBC}") = "Maxime", "Maxime\Maxime.csproj", "{22C803C5-9527-46C2-8C6D-6CD4B73384B6}"
EndProject
Global
	GlobalSection(SolutionConfigurationPlatforms) = preSolution
		Debug|Any CPU = Debug|Any CPU
		Release|Any CPU = Release|Any CPU
	EndGlobalSection
	GlobalSection(ProjectConfigurationPlatforms) = postSolution
		{22C803C5-9527-46C2-8C6D-6CD4B73384B6}.Debug|Any CPU.ActiveCfg = Debug|Any CPU
		{22C803C5-9527-46C2-8C6D-6CD4B73384B6}.Debug|Any CPU.Build.0 = Debug|Any CPU
		{22C803C5-9527-46C2-8C6D-6CD4B73384B6}.Release|Any CPU.ActiveCfg = Release|Any CPU
		{22C803C5-9527-46C2-8C6D-6CD4B73384B6}.Release|Any CPU.Build.0 = Release|Any CPU
	EndGlobalSection
	GlobalSection(SolutionProperties) = preSolution
		HideSolutionNode = FALSE
	EndGlobalSection
	GlobalSection(ExtensibilityGlobals) = postSolution
		SolutionGuid = {D3403FBE-C84C-4B0B-882F-553FB9D70DAC}
	EndGlobalSection
EndGlobal
